// !$*UTF8*$!
{
	archiveVersion = 1;
	classes = {
	};
	objectVersion = 56;
	objects = {

/* Begin PBXBuildFile section */
		EBFAEC952A0B0B56008A0434 /* CastroLabsTakeHomeApp.swift in Sources */ = {isa = PBXBuildFile; fileRef = EBFAEC942A0B0B56008A0434 /* CastroLabsTakeHomeApp.swift */; };
		EBFAEC992A0B0B58008A0434 /* Assets.xcassets in Resources */ = {isa = PBXBuildFile; fileRef = EBFAEC982A0B0B58008A0434 /* Assets.xcassets */; };
		EBFAEC9C2A0B0B58008A0434 /* Preview Assets.xcassets in Resources */ = {isa = PBXBuildFile; fileRef = EBFAEC9B2A0B0B58008A0434 /* Preview Assets.xcassets */; };
		EBFAECA32A0B0E08008A0434 /* LandingOnboardingScene.swift in Sources */ = {isa = PBXBuildFile; fileRef = EBFAECA22A0B0E08008A0434 /* LandingOnboardingScene.swift */; };
		EBFAECA52A0B117F008A0434 /* CustomComponents.swift in Sources */ = {isa = PBXBuildFile; fileRef = EBFAECA42A0B117F008A0434 /* CustomComponents.swift */; };
		EBFAECA72A0B1378008A0434 /* EnterInviteCodeScene.swift in Sources */ = {isa = PBXBuildFile; fileRef = EBFAECA62A0B1378008A0434 /* EnterInviteCodeScene.swift */; };
		EBFAECA92A0B14D0008A0434 /* Montserrat in Resources */ = {isa = PBXBuildFile; fileRef = EBFAECA82A0B14D0008A0434 /* Montserrat */; };
		EBFAECAD2A0B1725008A0434 /* LetsGetGoingScene.swift in Sources */ = {isa = PBXBuildFile; fileRef = EBFAECAC2A0B1725008A0434 /* LetsGetGoingScene.swift */; };
		EBFAECAF2A0B19EE008A0434 /* CreateYourAccountScene.swift in Sources */ = {isa = PBXBuildFile; fileRef = EBFAECAE2A0B19EE008A0434 /* CreateYourAccountScene.swift */; };
		EBFAECB12A0B2445008A0434 /* VerifyPhoneScene.swift in Sources */ = {isa = PBXBuildFile; fileRef = EBFAECB02A0B2445008A0434 /* VerifyPhoneScene.swift */; };
		EBFAECB32A0B2770008A0434 /* CreateYourProfileScene.swift in Sources */ = {isa = PBXBuildFile; fileRef = EBFAECB22A0B276F008A0434 /* CreateYourProfileScene.swift */; };
		EBFAECB52A0B29EC008A0434 /* PronounsSheet.swift in Sources */ = {isa = PBXBuildFile; fileRef = EBFAECB42A0B29EC008A0434 /* PronounsSheet.swift */; };
		EBFAECB72A0B3C57008A0434 /* AddAProfilePicScene.swift in Sources */ = {isa = PBXBuildFile; fileRef = EBFAECB62A0B3C57008A0434 /* AddAProfilePicScene.swift */; };
		EBFAECB92A0B4809008A0434 /* SelfieVerificationScene.swift in Sources */ = {isa = PBXBuildFile; fileRef = EBFAECB82A0B4809008A0434 /* SelfieVerificationScene.swift */; };
		EBFAECBB2A0B4B46008A0434 /* VerifyingSelfieScene.swift in Sources */ = {isa = PBXBuildFile; fileRef = EBFAECBA2A0B4B46008A0434 /* VerifyingSelfieScene.swift */; };
		EBFAECBD2A0B4CED008A0434 /* TurnOnNotificationsScene.swift in Sources */ = {isa = PBXBuildFile; fileRef = EBFAECBC2A0B4CED008A0434 /* TurnOnNotificationsScene.swift */; };
/* End PBXBuildFile section */

/* Begin PBXFileReference section */
		EBFAEC912A0B0B56008A0434 /* CastroLabsTakeHome.app */ = {isa = PBXFileReference; explicitFileType = wrapper.application; includeInIndex = 0; path = CastroLabsTakeHome.app; sourceTree = BUILT_PRODUCTS_DIR; };
		EBFAEC942A0B0B56008A0434 /* CastroLabsTakeHomeApp.swift */ = {isa = PBXFileReference; lastKnownFileType = sourcecode.swift; path = CastroLabsTakeHomeApp.swift; sourceTree = "<group>"; };
		EBFAEC982A0B0B58008A0434 /* Assets.xcassets */ = {isa = PBXFileReference; lastKnownFileType = folder.assetcatalog; path = Assets.xcassets; sourceTree = "<group>"; };
		EBFAEC9B2A0B0B58008A0434 /* Preview Assets.xcassets */ = {isa = PBXFileReference; lastKnownFileType = folder.assetcatalog; path = "Preview Assets.xcassets"; sourceTree = "<group>"; };
		EBFAECA22A0B0E08008A0434 /* LandingOnboardingScene.swift */ = {isa = PBXFileReference; lastKnownFileType = sourcecode.swift; path = LandingOnboardingScene.swift; sourceTree = "<group>"; };
		EBFAECA42A0B117F008A0434 /* CustomComponents.swift */ = {isa = PBXFileReference; lastKnownFileType = sourcecode.swift; path = CustomComponents.swift; sourceTree = "<group>"; };
		EBFAECA62A0B1378008A0434 /* EnterInviteCodeScene.swift */ = {isa = PBXFileReference; lastKnownFileType = sourcecode.swift; path = EnterInviteCodeScene.swift; sourceTree = "<group>"; };
		EBFAECA82A0B14D0008A0434 /* Montserrat */ = {isa = PBXFileReference; lastKnownFileType = folder; path = Montserrat; sourceTree = "<group>"; };
		EBFAECAC2A0B1725008A0434 /* LetsGetGoingScene.swift */ = {isa = PBXFileReference; lastKnownFileType = sourcecode.swift; path = LetsGetGoingScene.swift; sourceTree = "<group>"; };
		EBFAECAE2A0B19EE008A0434 /* CreateYourAccountScene.swift */ = {isa = PBXFileReference; lastKnownFileType = sourcecode.swift; path = CreateYourAccountScene.swift; sourceTree = "<group>"; };
		EBFAECB02A0B2445008A0434 /* VerifyPhoneScene.swift */ = {isa = PBXFileReference; lastKnownFileType = sourcecode.swift; path = VerifyPhoneScene.swift; sourceTree = "<group>"; };
		EBFAECB22A0B276F008A0434 /* CreateYourProfileScene.swift */ = {isa = PBXFileReference; lastKnownFileType = sourcecode.swift; path = CreateYourProfileScene.swift; sourceTree = "<group>"; };
		EBFAECB42A0B29EC008A0434 /* PronounsSheet.swift */ = {isa = PBXFileReference; lastKnownFileType = sourcecode.swift; path = PronounsSheet.swift; sourceTree = "<group>"; };
		EBFAECB62A0B3C57008A0434 /* AddAProfilePicScene.swift */ = {isa = PBXFileReference; lastKnownFileType = sourcecode.swift; path = AddAProfilePicScene.swift; sourceTree = "<group>"; };
		EBFAECB82A0B4809008A0434 /* SelfieVerificationScene.swift */ = {isa = PBXFileReference; lastKnownFileType = sourcecode.swift; path = SelfieVerificationScene.swift; sourceTree = "<group>"; };
		EBFAECBA2A0B4B46008A0434 /* VerifyingSelfieScene.swift */ = {isa = PBXFileReference; lastKnownFileType = sourcecode.swift; path = VerifyingSelfieScene.swift; sourceTree = "<group>"; };
		EBFAECBC2A0B4CED008A0434 /* TurnOnNotificationsScene.swift */ = {isa = PBXFileReference; lastKnownFileType = sourcecode.swift; path = TurnOnNotificationsScene.swift; sourceTree = "<group>"; };
/* End PBXFileReference section */

/* Begin PBXFrameworksBuildPhase section */
		EBFAEC8E2A0B0B56008A0434 /* Frameworks */ = {
			isa = PBXFrameworksBuildPhase;
			buildActionMask = 2147483647;
			files = (
			);
			runOnlyForDeploymentPostprocessing = 0;
		};
/* End PBXFrameworksBuildPhase section */

/* Begin PBXGroup section */
		EBFAEC882A0B0B56008A0434 = {
			isa = PBXGroup;
			children = (
				EBFAECBC2A0B4CED008A0434 /* TurnOnNotificationsScene.swift */,
				EBFAECBA2A0B4B46008A0434 /* VerifyingSelfieScene.swift */,
				EBFAECB82A0B4809008A0434 /* SelfieVerificationScene.swift */,
				EBFAECB22A0B276F008A0434 /* CreateYourProfileScene.swift */,
				EBFAECB62A0B3C57008A0434 /* AddAProfilePicScene.swift */,
				EBFAECB42A0B29EC008A0434 /* PronounsSheet.swift */,
				EBFAECAC2A0B1725008A0434 /* LetsGetGoingScene.swift */,
				EBFAECB02A0B2445008A0434 /* VerifyPhoneScene.swift */,
				EBFAECAE2A0B19EE008A0434 /* CreateYourAccountScene.swift */,
				EBFAECA22A0B0E08008A0434 /* LandingOnboardingScene.swift */,
				EBFAECA62A0B1378008A0434 /* EnterInviteCodeScene.swift */,
				EBFAECA42A0B117F008A0434 /* CustomComponents.swift */,
				EBFAECA82A0B14D0008A0434 /* Montserrat */,
				EBFAEC932A0B0B56008A0434 /* CastroLabsTakeHome */,
				EBFAEC922A0B0B56008A0434 /* Products */,
			);
			sourceTree = "<group>";
		};
		EBFAEC922A0B0B56008A0434 /* Products */ = {
			isa = PBXGroup;
			children = (
				EBFAEC912A0B0B56008A0434 /* CastroLabsTakeHome.app */,
			);
			name = Products;
			sourceTree = "<group>";
		};
		EBFAEC932A0B0B56008A0434 /* CastroLabsTakeHome */ = {
			isa = PBXGroup;
			children = (
				EBFAEC942A0B0B56008A0434 /* CastroLabsTakeHomeApp.swift */,
				EBFAEC982A0B0B58008A0434 /* Assets.xcassets */,
				EBFAEC9A2A0B0B58008A0434 /* Preview Content */,
			);
			path = CastroLabsTakeHome;
			sourceTree = "<group>";
		};
		EBFAEC9A2A0B0B58008A0434 /* Preview Content */ = {
			isa = PBXGroup;
			children = (
				EBFAEC9B2A0B0B58008A0434 /* Preview Assets.xcassets */,
			);
			path = "Preview Content";
			sourceTree = "<group>";
		};
/* End PBXGroup section */

/* Begin PBXNativeTarget section */
		EBFAEC902A0B0B56008A0434 /* CastroLabsTakeHome */ = {
			isa = PBXNativeTarget;
			buildConfigurationList = EBFAEC9F2A0B0B58008A0434 /* Build configuration list for PBXNativeTarget "CastroLabsTakeHome" */;
			buildPhases = (
				EBFAEC8D2A0B0B56008A0434 /* Sources */,
				EBFAEC8E2A0B0B56008A0434 /* Frameworks */,
				EBFAEC8F2A0B0B56008A0434 /* Resources */,
			);
			buildRules = (
			);
			dependencies = (
			);
			name = CastroLabsTakeHome;
			productName = CastroLabsTakeHome;
			productReference = EBFAEC912A0B0B56008A0434 /* CastroLabsTakeHome.app */;
			productType = "com.apple.product-type.application";
		};
/* End PBXNativeTarget section */

/* Begin PBXProject section */
		EBFAEC892A0B0B56008A0434 /* Project object */ = {
			isa = PBXProject;
			attributes = {
				BuildIndependentTargetsInParallel = 1;
				LastSwiftUpdateCheck = 1430;
				LastUpgradeCheck = 1430;
				TargetAttributes = {
					EBFAEC902A0B0B56008A0434 = {
						CreatedOnToolsVersion = 14.3;
					};
				};
			};
			buildConfigurationList = EBFAEC8C2A0B0B56008A0434 /* Build configuration list for PBXProject "CastroLabsTakeHome" */;
			compatibilityVersion = "Xcode 14.0";
			developmentRegion = en;
			hasScannedForEncodings = 0;
			knownRegions = (
				en,
				Base,
			);
			mainGroup = EBFAEC882A0B0B56008A0434;
			productRefGroup = EBFAEC922A0B0B56008A0434 /* Products */;
			projectDirPath = "";
			projectRoot = "";
			targets = (
				EBFAEC902A0B0B56008A0434 /* CastroLabsTakeHome */,
			);
		};
/* End PBXProject section */

/* Begin PBXResourcesBuildPhase section */
		EBFAEC8F2A0B0B56008A0434 /* Resources */ = {
			isa = PBXResourcesBuildPhase;
			buildActionMask = 2147483647;
			files = (
				EBFAEC9C2A0B0B58008A0434 /* Preview Assets.xcassets in Resources */,
				EBFAEC992A0B0B58008A0434 /* Assets.xcassets in Resources */,
				EBFAECA92A0B14D0008A0434 /* Montserrat in Resources */,
			);
			runOnlyForDeploymentPostprocessing = 0;
		};
/* End PBXResourcesBuildPhase section */

/* Begin PBXSourcesBuildPhase section */
		EBFAEC8D2A0B0B56008A0434 /* Sources */ = {
			isa = PBXSourcesBuildPhase;
			buildActionMask = 2147483647;
			files = (
				EBFAECAD2A0B1725008A0434 /* LetsGetGoingScene.swift in Sources */,
				EBFAECB32A0B2770008A0434 /* CreateYourProfileScene.swift in Sources */,
				EBFAEC952A0B0B56008A0434 /* CastroLabsTakeHomeApp.swift in Sources */,
				EBFAECB12A0B2445008A0434 /* VerifyPhoneScene.swift in Sources */,
				EBFAECA52A0B117F008A0434 /* CustomComponents.swift in Sources */,
				EBFAECA32A0B0E08008A0434 /* LandingOnboardingScene.swift in Sources */,
				EBFAECBB2A0B4B46008A0434 /* VerifyingSelfieScene.swift in Sources */,
				EBFAECA72A0B1378008A0434 /* EnterInviteCodeScene.swift in Sources */,
				EBFAECB72A0B3C57008A0434 /* AddAProfilePicScene.swift in Sources */,
				EBFAECBD2A0B4CED008A0434 /* TurnOnNotificationsScene.swift in Sources */,
				EBFAECB52A0B29EC008A0434 /* PronounsSheet.swift in Sources */,
				EBFAECAF2A0B19EE008A0434 /* CreateYourAccountScene.swift in Sources */,
				EBFAECB92A0B4809008A0434 /* SelfieVerificationScene.swift in Sources */,
			);
			runOnlyForDeploymentPostprocessing = 0;
		};
/* End PBXSourcesBuildPhase section */

/* Begin XCBuildConfiguration section */
		EBFAEC9D2A0B0B58008A0434 /* Debug */ = {
			isa = XCBuildConfiguration;
			buildSettings = {
				ALWAYS_SEARCH_USER_PATHS = NO;
				CLANG_ANALYZER_NONNULL = YES;
				CLANG_ANALYZER_NUMBER_OBJECT_CONVERSION = YES_AGGRESSIVE;
				CLANG_CXX_LANGUAGE_STANDARD = "gnu++20";
				CLANG_ENABLE_MODULES = YES;
				CLANG_ENABLE_OBJC_ARC = YES;
				CLANG_ENABLE_OBJC_WEAK = YES;
				CLANG_WARN_BLOCK_CAPTURE_AUTORELEASING = YES;
				CLANG_WARN_BOOL_CONVERSION = YES;
				CLANG_WARN_COMMA = YES;
				CLANG_WARN_CONSTANT_CONVERSION = YES;
				CLANG_WARN_DEPRECATED_OBJC_IMPLEMENTATIONS = YES;
				CLANG_WARN_DIRECT_OBJC_ISA_USAGE = YES_ERROR;
				CLANG_WARN_DOCUMENTATION_COMMENTS = YES;
				CLANG_WARN_EMPTY_BODY = YES;
				CLANG_WARN_ENUM_CONVERSION = YES;
				CLANG_WARN_INFINITE_RECURSION = YES;
				CLANG_WARN_INT_CONVERSION = YES;
				CLANG_WARN_NON_LITERAL_NULL_CONVERSION = YES;
				CLANG_WARN_OBJC_IMPLICIT_RETAIN_SELF = YES;
				CLANG_WARN_OBJC_LITERAL_CONVERSION = YES;
				CLANG_WARN_OBJC_ROOT_CLASS = YES_ERROR;
				CLANG_WARN_QUOTED_INCLUDE_IN_FRAMEWORK_HEADER = YES;
				CLANG_WARN_RANGE_LOOP_ANALYSIS = YES;
				CLANG_WARN_STRICT_PROTOTYPES = YES;
				CLANG_WARN_SUSPICIOUS_MOVE = YES;
				CLANG_WARN_UNGUARDED_AVAILABILITY = YES_AGGRESSIVE;
				CLANG_WARN_UNREACHABLE_CODE = YES;
				CLANG_WARN__DUPLICATE_METHOD_MATCH = YES;
				COPY_PHASE_STRIP = NO;
				DEBUG_INFORMATION_FORMAT = dwarf;
				ENABLE_STRICT_OBJC_MSGSEND = YES;
				ENABLE_TESTABILITY = YES;
				GCC_C_LANGUAGE_STANDARD = gnu11;
				GCC_DYNAMIC_NO_PIC = NO;
				GCC_NO_COMMON_BLOCKS = YES;
				GCC_OPTIMIZATION_LEVEL = 0;
				GCC_PREPROCESSOR_DEFINITIONS = (
					"DEBUG=1",
					"$(inherited)",
				);
				GCC_WARN_64_TO_32_BIT_CONVERSION = YES;
				GCC_WARN_ABOUT_RETURN_TYPE = YES_ERROR;
				GCC_WARN_UNDECLARED_SELECTOR = YES;
				GCC_WARN_UNINITIALIZED_AUTOS = YES_AGGRESSIVE;
				GCC_WARN_UNUSED_FUNCTION = YES;
				GCC_WARN_UNUSED_VARIABLE = YES;
				IPHONEOS_DEPLOYMENT_TARGET = 16.4;
				MTL_ENABLE_DEBUG_INFO = INCLUDE_SOURCE;
				MTL_FAST_MATH = YES;
				ONLY_ACTIVE_ARCH = YES;
				SDKROOT = iphoneos;
				SWIFT_ACTIVE_COMPILATION_CONDITIONS = DEBUG;
				SWIFT_OPTIMIZATION_LEVEL = "-Onone";
			};
			name = Debug;
		};
		EBFAEC9E2A0B0B58008A0434 /* Release */ = {
			isa = XCBuildConfiguration;
			buildSettings = {
				ALWAYS_SEARCH_USER_PATHS = NO;
				CLANG_ANALYZER_NONNULL = YES;
				CLANG_ANALYZER_NUMBER_OBJECT_CONVERSION = YES_AGGRESSIVE;
				CLANG_CXX_LANGUAGE_STANDARD = "gnu++20";
				CLANG_ENABLE_MODULES = YES;
				CLANG_ENABLE_OBJC_ARC = YES;
				CLANG_ENABLE_OBJC_WEAK = YES;
				CLANG_WARN_BLOCK_CAPTURE_AUTORELEASING = YES;
				CLANG_WARN_BOOL_CONVERSION = YES;
				CLANG_WARN_COMMA = YES;
				CLANG_WARN_CONSTANT_CONVERSION = YES;
				CLANG_WARN_DEPRECATED_OBJC_IMPLEMENTATIONS = YES;
				CLANG_WARN_DIRECT_OBJC_ISA_USAGE = YES_ERROR;
				CLANG_WARN_DOCUMENTATION_COMMENTS = YES;
				CLANG_WARN_EMPTY_BODY = YES;
				CLANG_WARN_ENUM_CONVERSION = YES;
				CLANG_WARN_INFINITE_RECURSION = YES;
				CLANG_WARN_INT_CONVERSION = YES;
				CLANG_WARN_NON_LITERAL_NULL_CONVERSION = YES;
				CLANG_WARN_OBJC_IMPLICIT_RETAIN_SELF = YES;
				CLANG_WARN_OBJC_LITERAL_CONVERSION = YES;
				CLANG_WARN_OBJC_ROOT_CLASS = YES_ERROR;
				CLANG_WARN_QUOTED_INCLUDE_IN_FRAMEWORK_HEADER = YES;
				CLANG_WARN_RANGE_LOOP_ANALYSIS = YES;
				CLANG_WARN_STRICT_PROTOTYPES = YES;
				CLANG_WARN_SUSPICIOUS_MOVE = YES;
				CLANG_WARN_UNGUARDED_AVAILABILITY = YES_AGGRESSIVE;
				CLANG_WARN_UNREACHABLE_CODE = YES;
				CLANG_WARN__DUPLICATE_METHOD_MATCH = YES;
				COPY_PHASE_STRIP = NO;
				DEBUG_INFORMATION_FORMAT = "dwarf-with-dsym";
				ENABLE_NS_ASSERTIONS = NO;
				ENABLE_STRICT_OBJC_MSGSEND = YES;
				GCC_C_LANGUAGE_STANDARD = gnu11;
				GCC_NO_COMMON_BLOCKS = YES;
				GCC_WARN_64_TO_32_BIT_CONVERSION = YES;
				GCC_WARN_ABOUT_RETURN_TYPE = YES_ERROR;
				GCC_WARN_UNDECLARED_SELECTOR = YES;
				GCC_WARN_UNINITIALIZED_AUTOS = YES_AGGRESSIVE;
				GCC_WARN_UNUSED_FUNCTION = YES;
				GCC_WARN_UNUSED_VARIABLE = YES;
				IPHONEOS_DEPLOYMENT_TARGET = 16.4;
				MTL_ENABLE_DEBUG_INFO = NO;
				MTL_FAST_MATH = YES;
				SDKROOT = iphoneos;
				SWIFT_COMPILATION_MODE = wholemodule;
				SWIFT_OPTIMIZATION_LEVEL = "-O";
				VALIDATE_PRODUCT = YES;
			};
			name = Release;
		};
		EBFAECA02A0B0B58008A0434 /* Debug */ = {
			isa = XCBuildConfiguration;
			buildSettings = {
				ASSETCATALOG_COMPILER_APPICON_NAME = AppIcon;
				ASSETCATALOG_COMPILER_GLOBAL_ACCENT_COLOR_NAME = AccentColor;
				CODE_SIGN_STYLE = Automatic;
				CURRENT_PROJECT_VERSION = 1;
				DEVELOPMENT_ASSET_PATHS = "\"CastroLabsTakeHome/Preview Content\"";
				DEVELOPMENT_TEAM = L63W9QSW59;
				ENABLE_PREVIEWS = YES;
				GENERATE_INFOPLIST_FILE = YES;
				INFOPLIST_KEY_UIApplicationSceneManifest_Generation = YES;
				INFOPLIST_KEY_UIApplicationSupportsIndirectInputEvents = YES;
				INFOPLIST_KEY_UILaunchScreen_Generation = YES;
				INFOPLIST_KEY_UISupportedInterfaceOrientations_iPad = "UIInterfaceOrientationPortrait UIInterfaceOrientationPortraitUpsideDown UIInterfaceOrientationLandscapeLeft UIInterfaceOrientationLandscapeRight";
				INFOPLIST_KEY_UISupportedInterfaceOrientations_iPhone = "UIInterfaceOrientationPortrait UIInterfaceOrientationLandscapeLeft UIInterfaceOrientationLandscapeRight";
				LD_RUNPATH_SEARCH_PATHS = (
					"$(inherited)",
					"@executable_path/Frameworks",
				);
				MARKETING_VERSION = 1.0;
				PRODUCT_BUNDLE_IDENTIFIER = dev.lorenzobrown.CastroLabsTakeHome;
				PRODUCT_NAME = "$(TARGET_NAME)";
				SWIFT_EMIT_LOC_STRINGS = YES;
				SWIFT_VERSION = 5.0;
				TARGETED_DEVICE_FAMILY = "1,2";
			};
			name = Debug;
		};
		EBFAECA12A0B0B58008A0434 /* Release */ = {
			isa = XCBuildConfiguration;
			buildSettings = {
				ASSETCATALOG_COMPILER_APPICON_NAME = AppIcon;
				ASSETCATALOG_COMPILER_GLOBAL_ACCENT_COLOR_NAME = AccentColor;
				CODE_SIGN_STYLE = Automatic;
				CURRENT_PROJECT_VERSION = 1;
				DEVELOPMENT_ASSET_PATHS = "\"CastroLabsTakeHome/Preview Content\"";
				DEVELOPMENT_TEAM = L63W9QSW59;
				ENABLE_PREVIEWS = YES;
				GENERATE_INFOPLIST_FILE = YES;
				INFOPLIST_KEY_UIApplicationSceneManifest_Generation = YES;
				INFOPLIST_KEY_UIApplicationSupportsIndirectInputEvents = YES;
				INFOPLIST_KEY_UILaunchScreen_Generation = YES;
				INFOPLIST_KEY_UISupportedInterfaceOrientations_iPad = "UIInterfaceOrientationPortrait UIInterfaceOrientationPortraitUpsideDown UIInterfaceOrientationLandscapeLeft UIInterfaceOrientationLandscapeRight";
				INFOPLIST_KEY_UISupportedInterfaceOrientations_iPhone = "UIInterfaceOrientationPortrait UIInterfaceOrientationLandscapeLeft UIInterfaceOrientationLandscapeRight";
				LD_RUNPATH_SEARCH_PATHS = (
					"$(inherited)",
					"@executable_path/Frameworks",
				);
				MARKETING_VERSION = 1.0;
				PRODUCT_BUNDLE_IDENTIFIER = dev.lorenzobrown.CastroLabsTakeHome;
				PRODUCT_NAME = "$(TARGET_NAME)";
				SWIFT_EMIT_LOC_STRINGS = YES;
				SWIFT_VERSION = 5.0;
				TARGETED_DEVICE_FAMILY = "1,2";
			};
			name = Release;
		};
/* End XCBuildConfiguration section */

/* Begin XCConfigurationList section */
		EBFAEC8C2A0B0B56008A0434 /* Build configuration list for PBXProject "CastroLabsTakeHome" */ = {
			isa = XCConfigurationList;
			buildConfigurations = (
				EBFAEC9D2A0B0B58008A0434 /* Debug */,
				EBFAEC9E2A0B0B58008A0434 /* Release */,
			);
			defaultConfigurationIsVisible = 0;
			defaultConfigurationName = Release;
		};
		EBFAEC9F2A0B0B58008A0434 /* Build configuration list for PBXNativeTarget "CastroLabsTakeHome" */ = {
			isa = XCConfigurationList;
			buildConfigurations = (
				EBFAECA02A0B0B58008A0434 /* Debug */,
				EBFAECA12A0B0B58008A0434 /* Release */,
			);
			defaultConfigurationIsVisible = 0;
			defaultConfigurationName = Release;
		};
/* End XCConfigurationList section */
	};
	rootObject = EBFAEC892A0B0B56008A0434 /* Project object */;
}
